
Microsoft Visual Studio Solution File, Format Version 12.00
# Visual Studio Version 17
VisualStudioVersion = 17.8.34408.163
MinimumVisualStudioVersion = 10.0.40219.1
Project("{FAE04EC0-301F-11D3-BF4B-00C04F79EFBC}") = "Nightingale", "Nightingale\Nightingale.csproj", "{4AE08123-B5E6-449E-BED5-7C7FD04EF1B1}"
EndProject
Project("{9A19103F-16F7-4668-BE54-9A1E7A4F7556}") = "Nightingale.Core", "Nightingale.Core\Nightingale.Core.csproj", "{93CFC710-CC96-437C-B64D-0CD8B6FB584B}"
EndProject
Project("{C7167F0D-BC9F-4E6E-AFE1-012C56B48DB5}") = "Package", "Package\Package.wapproj", "{25778125-B823-4140-9ECC-BC2E2836DF92}"
EndProject
Project("{FAE04EC0-301F-11D3-BF4B-00C04F79EFBC}") = "FullTrust", "FullTrust\FullTrust.csproj", "{61C61C22-A59C-48CB-9F30-C370A1C6F9E1}"
EndProject
Project("{9A19103F-16F7-4668-BE54-9A1E7A4F7556}") = "CoreTests", "CoreTests\CoreTests.csproj", "{9F31BD51-9FFB-4322-94AB-892A92372CB6}"
EndProject
Project("{FAE04EC0-301F-11D3-BF4B-00C04F79EFBC}") = "LocalServer", "LocalServer\LocalServer.csproj", "{2FFD5420-80F1-4DE7-B6FE-A49A7F88E595}"
EndProject
Project("{FAE04EC0-301F-11D3-BF4B-00C04F79EFBC}") = "Nightingale.DesktopExtension", "Nightingale.DesktopExtension\Nightingale.DesktopExtension.csproj", "{AB9D98C3-83FD-48B2-A1ED-305064A3C3D4}"
EndProject
Global
	GlobalSection(SolutionConfigurationPlatforms) = preSolution
		Debug|Any CPU = Debug|Any CPU
		Debug|ARM = Debug|ARM
		Debug|ARM64 = Debug|ARM64
		Debug|x64 = Debug|x64
		Debug|x86 = Debug|x86
		Release|Any CPU = Release|Any CPU
		Release|ARM = Release|ARM
		Release|ARM64 = Release|ARM64
		Release|x64 = Release|x64
		Release|x86 = Release|x86
	EndGlobalSection
	GlobalSection(ProjectConfigurationPlatforms) = postSolution
		{4AE08123-B5E6-449E-BED5-7C7FD04EF1B1}.Debug|Any CPU.ActiveCfg = Debug|x86
		{4AE08123-B5E6-449E-BED5-7C7FD04EF1B1}.Debug|ARM.ActiveCfg = Debug|ARM
		{4AE08123-B5E6-449E-BED5-7C7FD04EF1B1}.Debug|ARM.Build.0 = Debug|ARM
		{4AE08123-B5E6-449E-BED5-7C7FD04EF1B1}.Debug|ARM64.ActiveCfg = Debug|ARM64
		{4AE08123-B5E6-449E-BED5-7C7FD04EF1B1}.Debug|ARM64.Build.0 = Debug|ARM64
		{4AE08123-B5E6-449E-BED5-7C7FD04EF1B1}.Debug|x64.ActiveCfg = Debug|x64
		{4AE08123-B5E6-449E-BED5-7C7FD04EF1B1}.Debug|x64.Build.0 = Debug|x64
		{4AE08123-B5E6-449E-BED5-7C7FD04EF1B1}.Debug|x86.ActiveCfg = Debug|x86
		{4AE08123-B5E6-449E-BED5-7C7FD04EF1B1}.Debug|x86.Build.0 = Debug|x86
		{4AE08123-B5E6-449E-BED5-7C7FD04EF1B1}.Release|Any CPU.ActiveCfg = Release|x86
		{4AE08123-B5E6-449E-BED5-7C7FD04EF1B1}.Release|ARM.ActiveCfg = Release|ARM
		{4AE08123-B5E6-449E-BED5-7C7FD04EF1B1}.Release|ARM.Build.0 = Release|ARM
		{4AE08123-B5E6-449E-BED5-7C7FD04EF1B1}.Release|ARM64.ActiveCfg = Release|ARM64
		{4AE08123-B5E6-449E-BED5-7C7FD04EF1B1}.Release|ARM64.Build.0 = Release|ARM64
		{4AE08123-B5E6-449E-BED5-7C7FD04EF1B1}.Release|x64.ActiveCfg = Release|x64
		{4AE08123-B5E6-449E-BED5-7C7FD04EF1B1}.Release|x64.Build.0 = Release|x64
		{4AE08123-B5E6-449E-BED5-7C7FD04EF1B1}.Release|x86.ActiveCfg = Release|x86
		{4AE08123-B5E6-449E-BED5-7C7FD04EF1B1}.Release|x86.Build.0 = Release|x86
		{93CFC710-CC96-437C-B64D-0CD8B6FB584B}.Debug|Any CPU.ActiveCfg = Debug|Any CPU
		{93CFC710-CC96-437C-B64D-0CD8B6FB584B}.Debug|Any CPU.Build.0 = Debug|Any CPU
		{93CFC710-CC96-437C-B64D-0CD8B6FB584B}.Debug|ARM.ActiveCfg = Debug|Any CPU
		{93CFC710-CC96-437C-B64D-0CD8B6FB584B}.Debug|ARM.Build.0 = Debug|Any CPU
		{93CFC710-CC96-437C-B64D-0CD8B6FB584B}.Debug|ARM64.ActiveCfg = Debug|Any CPU
		{93CFC710-CC96-437C-B64D-0CD8B6FB584B}.Debug|ARM64.Build.0 = Debug|Any CPU
		{93CFC710-CC96-437C-B64D-0CD8B6FB584B}.Debug|x64.ActiveCfg = Debug|Any CPU
		{93CFC710-CC96-437C-B64D-0CD8B6FB584B}.Debug|x64.Build.0 = Debug|Any CPU
		{93CFC710-CC96-437C-B64D-0CD8B6FB584B}.Debug|x86.ActiveCfg = Debug|Any CPU
		{93CFC710-CC96-437C-B64D-0CD8B6FB584B}.Debug|x86.Build.0 = Debug|Any CPU
		{93CFC710-CC96-437C-B64D-0CD8B6FB584B}.Release|Any CPU.ActiveCfg = Release|Any CPU
		{93CFC710-CC96-437C-B64D-0CD8B6FB584B}.Release|Any CPU.Build.0 = Release|Any CPU
		{93CFC710-CC96-437C-B64D-0CD8B6FB584B}.Release|ARM.ActiveCfg = Release|Any CPU
		{93CFC710-CC96-437C-B64D-0CD8B6FB584B}.Release|ARM.Build.0 = Release|Any CPU
		{93CFC710-CC96-437C-B64D-0CD8B6FB584B}.Release|ARM64.ActiveCfg = Release|Any CPU
		{93CFC710-CC96-437C-B64D-0CD8B6FB584B}.Release|ARM64.Build.0 = Release|Any CPU
		{93CFC710-CC96-437C-B64D-0CD8B6FB584B}.Release|x64.ActiveCfg = Release|Any CPU
		{93CFC710-CC96-437C-B64D-0CD8B6FB584B}.Release|x64.Build.0 = Release|Any CPU
		{93CFC710-CC96-437C-B64D-0CD8B6FB584B}.Release|x86.ActiveCfg = Release|Any CPU
		{93CFC710-CC96-437C-B64D-0CD8B6FB584B}.Release|x86.Build.0 = Release|Any CPU
		{25778125-B823-4140-9ECC-BC2E2836DF92}.Debug|Any CPU.ActiveCfg = Debug|Any CPU
		{25778125-B823-4140-9ECC-BC2E2836DF92}.Debug|Any CPU.Build.0 = Debug|Any CPU
		{25778125-B823-4140-9ECC-BC2E2836DF92}.Debug|Any CPU.Deploy.0 = Debug|Any CPU
		{25778125-B823-4140-9ECC-BC2E2836DF92}.Debug|ARM.ActiveCfg = Debug|ARM
		{25778125-B823-4140-9ECC-BC2E2836DF92}.Debug|ARM.Build.0 = Debug|ARM
		{25778125-B823-4140-9ECC-BC2E2836DF92}.Debug|ARM.Deploy.0 = Debug|ARM
		{25778125-B823-4140-9ECC-BC2E2836DF92}.Debug|ARM64.ActiveCfg = Debug|ARM64
		{25778125-B823-4140-9ECC-BC2E2836DF92}.Debug|ARM64.Build.0 = Debug|ARM64
		{25778125-B823-4140-9ECC-BC2E2836DF92}.Debug|ARM64.Deploy.0 = Debug|ARM64
		{25778125-B823-4140-9ECC-BC2E2836DF92}.Debug|x64.ActiveCfg = Debug|x64
		{25778125-B823-4140-9ECC-BC2E2836DF92}.Debug|x64.Build.0 = Debug|x64
		{25778125-B823-4140-9ECC-BC2E2836DF92}.Debug|x64.Deploy.0 = Debug|x64
		{25778125-B823-4140-9ECC-BC2E2836DF92}.Debug|x86.ActiveCfg = Debug|x86
		{25778125-B823-4140-9ECC-BC2E2836DF92}.Debug|x86.Build.0 = Debug|x86
		{25778125-B823-4140-9ECC-BC2E2836DF92}.Debug|x86.Deploy.0 = Debug|x86
		{25778125-B823-4140-9ECC-BC2E2836DF92}.Release|Any CPU.ActiveCfg = Release|Any CPU
		{25778125-B823-4140-9ECC-BC2E2836DF92}.Release|Any CPU.Build.0 = Release|Any CPU
		{25778125-B823-4140-9ECC-BC2E2836DF92}.Release|Any CPU.Deploy.0 = Release|Any CPU
		{25778125-B823-4140-9ECC-BC2E2836DF92}.Release|ARM.ActiveCfg = Release|ARM
		{25778125-B823-4140-9ECC-BC2E2836DF92}.Release|ARM.Build.0 = Release|ARM
		{25778125-B823-4140-9ECC-BC2E2836DF92}.Release|ARM.Deploy.0 = Release|ARM
		{25778125-B823-4140-9ECC-BC2E2836DF92}.Release|ARM64.ActiveCfg = Release|ARM64
		{25778125-B823-4140-9ECC-BC2E2836DF92}.Release|ARM64.Build.0 = Release|ARM64
		{25778125-B823-4140-9ECC-BC2E2836DF92}.Release|ARM64.Deploy.0 = Release|ARM64
		{25778125-B823-4140-9ECC-BC2E2836DF92}.Release|x64.ActiveCfg = Release|x64
		{25778125-B823-4140-9ECC-BC2E2836DF92}.Release|x64.Build.0 = Release|x64
		{25778125-B823-4140-9ECC-BC2E2836DF92}.Release|x64.Deploy.0 = Release|x64
		{25778125-B823-4140-9ECC-BC2E2836DF92}.Release|x86.ActiveCfg = Release|x86
		{25778125-B823-4140-9ECC-BC2E2836DF92}.Release|x86.Build.0 = Release|x86
		{25778125-B823-4140-9ECC-BC2E2836DF92}.Release|x86.Deploy.0 = Release|x86
		{61C61C22-A59C-48CB-9F30-C370A1C6F9E1}.Debug|Any CPU.ActiveCfg = Debug|Any CPU
		{61C61C22-A59C-48CB-9F30-C370A1C6F9E1}.Debug|Any CPU.Build.0 = Debug|Any CPU
		{61C61C22-A59C-48CB-9F30-C370A1C6F9E1}.Debug|ARM.ActiveCfg = Debug|Any CPU
		{61C61C22-A59C-48CB-9F30-C370A1C6F9E1}.Debug|ARM.Build.0 = Debug|Any CPU
		{61C61C22-A59C-48CB-9F30-C370A1C6F9E1}.Debug|ARM64.ActiveCfg = Debug|Any CPU
		{61C61C22-A59C-48CB-9F30-C370A1C6F9E1}.Debug|ARM64.Build.0 = Debug|Any CPU
		{61C61C22-A59C-48CB-9F30-C370A1C6F9E1}.Debug|x64.ActiveCfg = Debug|Any CPU
		{61C61C22-A59C-48CB-9F30-C370A1C6F9E1}.Debug|x64.Build.0 = Debug|Any CPU
		{61C61C22-A59C-48CB-9F30-C370A1C6F9E1}.Debug|x86.ActiveCfg = Debug|Any CPU
		{61C61C22-A59C-48CB-9F30-C370A1C6F9E1}.Debug|x86.Build.0 = Debug|Any CPU
		{61C61C22-A59C-48CB-9F30-C370A1C6F9E1}.Release|Any CPU.ActiveCfg = Release|Any CPU
		{61C61C22-A59C-48CB-9F30-C370A1C6F9E1}.Release|Any CPU.Build.0 = Release|Any CPU
		{61C61C22-A59C-48CB-9F30-C370A1C6F9E1}.Release|ARM.ActiveCfg = Release|Any CPU
		{61C61C22-A59C-48CB-9F30-C370A1C6F9E1}.Release|ARM.Build.0 = Release|Any CPU
		{61C61C22-A59C-48CB-9F30-C370A1C6F9E1}.Release|ARM64.ActiveCfg = Release|Any CPU
		{61C61C22-A59C-48CB-9F30-C370A1C6F9E1}.Release|ARM64.Build.0 = Release|Any CPU
		{61C61C22-A59C-48CB-9F30-C370A1C6F9E1}.Release|x64.ActiveCfg = Release|x64
		{61C61C22-A59C-48CB-9F30-C370A1C6F9E1}.Release|x64.Build.0 = Release|x64
		{61C61C22-A59C-48CB-9F30-C370A1C6F9E1}.Release|x86.ActiveCfg = Release|x86
		{61C61C22-A59C-48CB-9F30-C370A1C6F9E1}.Release|x86.Build.0 = Release|x86
		{9F31BD51-9FFB-4322-94AB-892A92372CB6}.Debug|Any CPU.ActiveCfg = Debug|Any CPU
		{9F31BD51-9FFB-4322-94AB-892A92372CB6}.Debug|Any CPU.Build.0 = Debug|Any CPU
		{9F31BD51-9FFB-4322-94AB-892A92372CB6}.Debug|ARM.ActiveCfg = Debug|Any CPU
		{9F31BD51-9FFB-4322-94AB-892A92372CB6}.Debug|ARM.Build.0 = Debug|Any CPU
		{9F31BD51-9FFB-4322-94AB-892A92372CB6}.Debug|ARM64.ActiveCfg = Debug|Any CPU
		{9F31BD51-9FFB-4322-94AB-892A92372CB6}.Debug|ARM64.Build.0 = Debug|Any CPU
		{9F31BD51-9FFB-4322-94AB-892A92372CB6}.Debug|x64.ActiveCfg = Debug|Any CPU
		{9F31BD51-9FFB-4322-94AB-892A92372CB6}.Debug|x64.Build.0 = Debug|Any CPU
		{9F31BD51-9FFB-4322-94AB-892A92372CB6}.Debug|x86.ActiveCfg = Debug|Any CPU
		{9F31BD51-9FFB-4322-94AB-892A92372CB6}.Debug|x86.Build.0 = Debug|Any CPU
		{9F31BD51-9FFB-4322-94AB-892A92372CB6}.Release|Any CPU.ActiveCfg = Release|Any CPU
		{9F31BD51-9FFB-4322-94AB-892A92372CB6}.Release|Any CPU.Build.0 = Release|Any CPU
		{9F31BD51-9FFB-4322-94AB-892A92372CB6}.Release|ARM.ActiveCfg = Release|Any CPU
		{9F31BD51-9FFB-4322-94AB-892A92372CB6}.Release|ARM.Build.0 = Release|Any CPU
		{9F31BD51-9FFB-4322-94AB-892A92372CB6}.Release|ARM64.ActiveCfg = Release|Any CPU
		{9F31BD51-9FFB-4322-94AB-892A92372CB6}.Release|ARM64.Build.0 = Release|Any CPU
		{9F31BD51-9FFB-4322-94AB-892A92372CB6}.Release|x64.ActiveCfg = Release|Any CPU
		{9F31BD51-9FFB-4322-94AB-892A92372CB6}.Release|x64.Build.0 = Release|Any CPU
		{9F31BD51-9FFB-4322-94AB-892A92372CB6}.Release|x86.ActiveCfg = Release|Any CPU
		{9F31BD51-9FFB-4322-94AB-892A92372CB6}.Release|x86.Build.0 = Release|Any CPU
		{2FFD5420-80F1-4DE7-B6FE-A49A7F88E595}.Debug|Any CPU.ActiveCfg = Debug|Any CPU
		{2FFD5420-80F1-4DE7-B6FE-A49A7F88E595}.Debug|Any CPU.Build.0 = Debug|Any CPU
		{2FFD5420-80F1-4DE7-B6FE-A49A7F88E595}.Debug|ARM.ActiveCfg = Debug|Any CPU
		{2FFD5420-80F1-4DE7-B6FE-A49A7F88E595}.Debug|ARM.Build.0 = Debug|Any CPU
		{2FFD5420-80F1-4DE7-B6FE-A49A7F88E595}.Debug|ARM64.ActiveCfg = Debug|Any CPU
		{2FFD5420-80F1-4DE7-B6FE-A49A7F88E595}.Debug|ARM64.Build.0 = Debug|Any CPU
		{2FFD5420-80F1-4DE7-B6FE-A49A7F88E595}.Debug|x64.ActiveCfg = Debug|Any CPU
		{2FFD5420-80F1-4DE7-B6FE-A49A7F88E595}.Debug|x64.Build.0 = Debug|Any CPU
		{2FFD5420-80F1-4DE7-B6FE-A49A7F88E595}.Debug|x86.ActiveCfg = Debug|Any CPU
		{2FFD5420-80F1-4DE7-B6FE-A49A7F88E595}.Debug|x86.Build.0 = Debug|Any CPU
		{2FFD5420-80F1-4DE7-B6FE-A49A7F88E595}.Release|Any CPU.ActiveCfg = Release|Any CPU
		{2FFD5420-80F1-4DE7-B6FE-A49A7F88E595}.Release|Any CPU.Build.0 = Release|Any CPU
		{2FFD5420-80F1-4DE7-B6FE-A49A7F88E595}.Release|ARM.ActiveCfg = Release|Any CPU
		{2FFD5420-80F1-4DE7-B6FE-A49A7F88E595}.Release|ARM.Build.0 = Release|Any CPU
		{2FFD5420-80F1-4DE7-B6FE-A49A7F88E595}.Release|ARM64.ActiveCfg = Release|Any CPU
		{2FFD5420-80F1-4DE7-B6FE-A49A7F88E595}.Release|ARM64.Build.0 = Release|Any CPU
		{2FFD5420-80F1-4DE7-B6FE-A49A7F88E595}.Release|x64.ActiveCfg = Release|Any CPU
		{2FFD5420-80F1-4DE7-B6FE-A49A7F88E595}.Release|x64.Build.0 = Release|Any CPU
		{2FFD5420-80F1-4DE7-B6FE-A49A7F88E595}.Release|x86.ActiveCfg = Release|Any CPU
		{2FFD5420-80F1-4DE7-B6FE-A49A7F88E595}.Release|x86.Build.0 = Release|Any CPU
		{AB9D98C3-83FD-48B2-A1ED-305064A3C3D4}.Debug|Any CPU.ActiveCfg = Debug|Any CPU
		{AB9D98C3-83FD-48B2-A1ED-305064A3C3D4}.Debug|Any CPU.Build.0 = Debug|Any CPU
		{AB9D98C3-83FD-48B2-A1ED-305064A3C3D4}.Debug|ARM.ActiveCfg = Debug|Any CPU
		{AB9D98C3-83FD-48B2-A1ED-305064A3C3D4}.Debug|ARM.Build.0 = Debug|Any CPU
		{AB9D98C3-83FD-48B2-A1ED-305064A3C3D4}.Debug|ARM64.ActiveCfg = Debug|Any CPU
		{AB9D98C3-83FD-48B2-A1ED-305064A3C3D4}.Debug|ARM64.Build.0 = Debug|Any CPU
		{AB9D98C3-83FD-48B2-A1ED-305064A3C3D4}.Debug|x64.ActiveCfg = Debug|Any CPU
		{AB9D98C3-83FD-48B2-A1ED-305064A3C3D4}.Debug|x64.Build.0 = Debug|Any CPU
		{AB9D98C3-83FD-48B2-A1ED-305064A3C3D4}.Debug|x86.ActiveCfg = Debug|Any CPU
		{AB9D98C3-83FD-48B2-A1ED-305064A3C3D4}.Debug|x86.Build.0 = Debug|Any CPU
		{AB9D98C3-83FD-48B2-A1ED-305064A3C3D4}.Release|Any CPU.ActiveCfg = Release|Any CPU
		{AB9D98C3-83FD-48B2-A1ED-305064A3C3D4}.Release|Any CPU.Build.0 = Release|Any CPU
		{AB9D98C3-83FD-48B2-A1ED-305064A3C3D4}.Release|ARM.ActiveCfg = Release|Any CPU
		{AB9D98C3-83FD-48B2-A1ED-305064A3C3D4}.Release|ARM.Build.0 = Release|Any CPU
		{AB9D98C3-83FD-48B2-A1ED-305064A3C3D4}.Release|ARM64.ActiveCfg = Release|Any CPU
		{AB9D98C3-83FD-48B2-A1ED-305064A3C3D4}.Release|ARM64.Build.0 = Release|Any CPU
		{AB9D98C3-83FD-48B2-A1ED-305064A3C3D4}.Release|x64.ActiveCfg = Release|Any CPU
		{AB9D98C3-83FD-48B2-A1ED-305064A3C3D4}.Release|x64.Build.0 = Release|Any CPU
		{AB9D98C3-83FD-48B2-A1ED-305064A3C3D4}.Release|x86.ActiveCfg = Release|Any CPU
		{AB9D98C3-83FD-48B2-A1ED-305064A3C3D4}.Release|x86.Build.0 = Release|Any CPU
	EndGlobalSection
	GlobalSection(SolutionProperties) = preSolution
		HideSolutionNode = FALSE
	EndGlobalSection
	GlobalSection(ExtensibilityGlobals) = postSolution
		SolutionGuid = {07C56625-E188-4413-828B-D830A818B8E8}
	EndGlobalSection
EndGlobal
